
Microsoft Visual Studio Solution File, Format Version 12.00
# Visual Studio Version 16
VisualStudioVersion = 16.0.30204.135
MinimumVisualStudioVersion = 10.0.40219.1
Project("{FAE04EC0-301F-11D3-BF4B-00C04F79EFBC}") = "DNA_Compare_GUI", "DNA_Compare_GUI.csproj", "{F3ED0419-2C5C-4B59-8DE1-C06DE70FEBDF}"
EndProject
Global
	GlobalSection(SolutionConfigurationPlatforms) = preSolution
		Debug|Any CPU = Debug|Any CPU
		Release|Any CPU = Release|Any CPU
	EndGlobalSection
	GlobalSection(ProjectConfigurationPlatforms) = postSolution
		{F3ED0419-2C5C-4B59-8DE1-C06DE70FEBDF}.Debug|Any CPU.ActiveCfg = Debug|Any CPU
		{F3ED0419-2C5C-4B59-8DE1-C06DE70FEBDF}.Debug|Any CPU.Build.0 = Debug|Any CPU
		{F3ED0419-2C5C-4B59-8DE1-C06DE70FEBDF}.Release|Any CPU.ActiveCfg = Release|Any CPU
		{F3ED0419-2C5C-4B59-8DE1-C06DE70FEBDF}.Release|Any CPU.Build.0 = Release|Any CPU
	EndGlobalSection
	GlobalSection(SolutionProperties) = preSolution
		HideSolutionNode = FALSE
	EndGlobalSection
	GlobalSection(ExtensibilityGlobals) = postSolution
		SolutionGuid = {C17AC972-4419-4C81-8F1E-D25E33D0389A}
	EndGlobalSection
EndGlobal
